{
  "object": {
    "pins": [
      {
        "package": "Decore",
        "repositoryURL": "git@github.com:MaximBazarov/Decore.git",
        "state": {
          "branch": "main",
          "revision": "e6732d488ae8509c394a043294ba170da069fa61",
          "version": null
        }
      }
    ]
  },
  "version": 1
}
